
Microsoft Visual Studio Solution File, Format Version 11.00
# Visual C++ Express 2010
Project("{8BC9CEB8-8B4A-11D0-8D11-00A0C91BC942}") = "libClp", "..\..\..\Clp\MSVisualStudio\v10\libClp\libClp.vcxproj", "{4F8F7D1C-3A9E-444D-8EE9-77F33FA05994}"
EndProject
Project("{8BC9CEB8-8B4A-11D0-8D11-00A0C91BC942}") = "libOsiClp", "..\..\..\Clp\MSVisualStudio\v10\libOsiClp\libOsiClp.vcxproj", "{02D45875-A8CF-41B9-990B-3699C0ECFE10}"
EndProject
Project("{8BC9CEB8-8B4A-11D0-8D11-00A0C91BC942}") = "libCoinUtils", "..\..\..\CoinUtils\MSVisualStudio\v10\libCoinUtils\libCoinUtils.vcxproj", "{C4867F15-438D-4FF8-8388-62FBAAA9786C}"
EndProject
Project("{8BC9CEB8-8B4A-11D0-8D11-00A0C91BC942}") = "libOsi", "..\..\..\Osi\MSVisualStudio\v10\libOsi\libOsi.vcxproj", "{7D98E2CB-876E-4F75-9F71-77D3FE87E149}"
EndProject
Project("{8BC9CEB8-8B4A-11D0-8D11-00A0C91BC942}") = "libSmi", "libSmi\libSmi.vcxproj", "{898829DC-4007-464B-A33B-090812D2BC57}"
EndProject
Project("{8BC9CEB8-8B4A-11D0-8D11-00A0C91BC942}") = "unitTestSmi", "unitTestSmi\unitTestSmi.vcxproj", "{4993262F-0157-4208-960E-6B66CE5976A3}"
	ProjectSection(ProjectDependencies) = postProject
		{C4867F15-438D-4FF8-8388-62FBAAA9786C} = {C4867F15-438D-4FF8-8388-62FBAAA9786C}
		{4F8F7D1C-3A9E-444D-8EE9-77F33FA05994} = {4F8F7D1C-3A9E-444D-8EE9-77F33FA05994}
		{02D45875-A8CF-41B9-990B-3699C0ECFE10} = {02D45875-A8CF-41B9-990B-3699C0ECFE10}
		{7D98E2CB-876E-4F75-9F71-77D3FE87E149} = {7D98E2CB-876E-4F75-9F71-77D3FE87E149}
		{898829DC-4007-464B-A33B-090812D2BC57} = {898829DC-4007-464B-A33B-090812D2BC57}
	EndProjectSection
EndProject
Project("{8BC9CEB8-8B4A-11D0-8D11-00A0C91BC942}") = "exampleFlopcpp_Trans", "exampleFlopcpp_Trans\exampleFlopcpp_Trans.vcxproj", "{CCBB30C3-F496-4BC8-BD89-290AF3547E1F}"
EndProject
Project("{8BC9CEB8-8B4A-11D0-8D11-00A0C91BC942}") = "libflopc", "libflopc\libflopc.vcxproj", "{FC9B7250-A277-440D-9299-398C3FCB9AE2}"
EndProject
Project("{8BC9CEB8-8B4A-11D0-8D11-00A0C91BC942}") = "exampleSmi", "exampleSmi\exampleSmi.vcxproj", "{93D4044B-DE9B-40F2-B83A-6E3F5A730702}"
EndProject
Project("{8BC9CEB8-8B4A-11D0-8D11-00A0C91BC942}") = "ExampleFlopcpp_Invest", "ExampleFlopcpp_Invest\ExampleFlopcpp_Invest.vcxproj", "{28DF0F01-2B26-4ABF-90C7-B58FAB5DB838}"
EndProject
Global
	GlobalSection(SolutionConfigurationPlatforms) = preSolution
		Debug|Win32 = Debug|Win32
		Release|Win32 = Release|Win32
	EndGlobalSection
	GlobalSection(ProjectConfigurationPlatforms) = postSolution
		{4F8F7D1C-3A9E-444D-8EE9-77F33FA05994}.Debug|Win32.ActiveCfg = Debug|Win32
		{4F8F7D1C-3A9E-444D-8EE9-77F33FA05994}.Debug|Win32.Build.0 = Debug|Win32
		{4F8F7D1C-3A9E-444D-8EE9-77F33FA05994}.Release|Win32.ActiveCfg = Release|Win32
		{4F8F7D1C-3A9E-444D-8EE9-77F33FA05994}.Release|Win32.Build.0 = Release|Win32
		{02D45875-A8CF-41B9-990B-3699C0ECFE10}.Debug|Win32.ActiveCfg = Debug|Win32
		{02D45875-A8CF-41B9-990B-3699C0ECFE10}.Debug|Win32.Build.0 = Debug|Win32
		{02D45875-A8CF-41B9-990B-3699C0ECFE10}.Release|Win32.ActiveCfg = Release|Win32
		{02D45875-A8CF-41B9-990B-3699C0ECFE10}.Release|Win32.Build.0 = Release|Win32
		{C4867F15-438D-4FF8-8388-62FBAAA9786C}.Debug|Win32.ActiveCfg = Debug|Win32
		{C4867F15-438D-4FF8-8388-62FBAAA9786C}.Debug|Win32.Build.0 = Debug|Win32
		{C4867F15-438D-4FF8-8388-62FBAAA9786C}.Release|Win32.ActiveCfg = Release|Win32
		{C4867F15-438D-4FF8-8388-62FBAAA9786C}.Release|Win32.Build.0 = Release|Win32
		{7D98E2CB-876E-4F75-9F71-77D3FE87E149}.Debug|Win32.ActiveCfg = Debug|Win32
		{7D98E2CB-876E-4F75-9F71-77D3FE87E149}.Debug|Win32.Build.0 = Debug|Win32
		{7D98E2CB-876E-4F75-9F71-77D3FE87E149}.Release|Win32.ActiveCfg = Release|Win32
		{7D98E2CB-876E-4F75-9F71-77D3FE87E149}.Release|Win32.Build.0 = Release|Win32
		{898829DC-4007-464B-A33B-090812D2BC57}.Debug|Win32.ActiveCfg = Debug|Win32
		{898829DC-4007-464B-A33B-090812D2BC57}.Debug|Win32.Build.0 = Debug|Win32
		{898829DC-4007-464B-A33B-090812D2BC57}.Release|Win32.ActiveCfg = Release|Win32
		{898829DC-4007-464B-A33B-090812D2BC57}.Release|Win32.Build.0 = Release|Win32
		{4993262F-0157-4208-960E-6B66CE5976A3}.Debug|Win32.ActiveCfg = Debug|Win32
		{4993262F-0157-4208-960E-6B66CE5976A3}.Debug|Win32.Build.0 = Debug|Win32
		{4993262F-0157-4208-960E-6B66CE5976A3}.Release|Win32.ActiveCfg = Release|Win32
		{4993262F-0157-4208-960E-6B66CE5976A3}.Release|Win32.Build.0 = Release|Win32
		{CCBB30C3-F496-4BC8-BD89-290AF3547E1F}.Debug|Win32.ActiveCfg = Debug|Win32
		{CCBB30C3-F496-4BC8-BD89-290AF3547E1F}.Debug|Win32.Build.0 = Debug|Win32
		{CCBB30C3-F496-4BC8-BD89-290AF3547E1F}.Release|Win32.ActiveCfg = Release|Win32
		{CCBB30C3-F496-4BC8-BD89-290AF3547E1F}.Release|Win32.Build.0 = Release|Win32
		{FC9B7250-A277-440D-9299-398C3FCB9AE2}.Debug|Win32.ActiveCfg = Debug|Win32
		{FC9B7250-A277-440D-9299-398C3FCB9AE2}.Debug|Win32.Build.0 = Debug|Win32
		{FC9B7250-A277-440D-9299-398C3FCB9AE2}.Release|Win32.ActiveCfg = Release|Win32
		{FC9B7250-A277-440D-9299-398C3FCB9AE2}.Release|Win32.Build.0 = Release|Win32
		{93D4044B-DE9B-40F2-B83A-6E3F5A730702}.Debug|Win32.ActiveCfg = Debug|Win32
		{93D4044B-DE9B-40F2-B83A-6E3F5A730702}.Debug|Win32.Build.0 = Debug|Win32
		{93D4044B-DE9B-40F2-B83A-6E3F5A730702}.Release|Win32.ActiveCfg = Release|Win32
		{93D4044B-DE9B-40F2-B83A-6E3F5A730702}.Release|Win32.Build.0 = Release|Win32
		{28DF0F01-2B26-4ABF-90C7-B58FAB5DB838}.Debug|Win32.ActiveCfg = Debug|Win32
		{28DF0F01-2B26-4ABF-90C7-B58FAB5DB838}.Debug|Win32.Build.0 = Debug|Win32
		{28DF0F01-2B26-4ABF-90C7-B58FAB5DB838}.Release|Win32.ActiveCfg = Release|Win32
		{28DF0F01-2B26-4ABF-90C7-B58FAB5DB838}.Release|Win32.Build.0 = Release|Win32
	EndGlobalSection
	GlobalSection(SolutionProperties) = preSolution
		HideSolutionNode = FALSE
	EndGlobalSection
EndGlobal
